
Microsoft Visual Studio Solution File, Format Version 12.00
# Visual Studio Version 16
VisualStudioVersion = 16.0.29519.87
MinimumVisualStudioVersion = 10.0.40219.1
Project("{FAE04EC0-301F-11D3-BF4B-00C04F79EFBC}") = "REVOLUTION continues", "REVOLUTION continues.csproj", "{B230D256-051F-4E7E-95F1-3A246851A611}"
EndProject
Global
	GlobalSection(SolutionConfigurationPlatforms) = preSolution
		Debug|Any CPU = Debug|Any CPU
		Release|Any CPU = Release|Any CPU
	EndGlobalSection
	GlobalSection(ProjectConfigurationPlatforms) = postSolution
		{B230D256-051F-4E7E-95F1-3A246851A611}.Debug|Any CPU.ActiveCfg = Debug|Any CPU
		{B230D256-051F-4E7E-95F1-3A246851A611}.Debug|Any CPU.Build.0 = Debug|Any CPU
		{B230D256-051F-4E7E-95F1-3A246851A611}.Release|Any CPU.ActiveCfg = Release|Any CPU
		{B230D256-051F-4E7E-95F1-3A246851A611}.Release|Any CPU.Build.0 = Release|Any CPU
	EndGlobalSection
	GlobalSection(SolutionProperties) = preSolution
		HideSolutionNode = FALSE
	EndGlobalSection
	GlobalSection(ExtensibilityGlobals) = postSolution
		SolutionGuid = {2243C049-1982-4C3D-98E2-6A3EC6F045DB}
	EndGlobalSection
EndGlobal
